
Microsoft Visual Studio Solution File, Format Version 12.00
# Visual Studio Version 16
VisualStudioVersion = 16.0.32802.440
MinimumVisualStudioVersion = 10.0.40219.1
Project("{9A19103F-16F7-4668-BE54-9A1E7A4F7556}") = "MateFinder", "MateFinder\MateFinder.csproj", "{1BABFE46-73C7-4CC2-BE34-088B4E06C70D}"
EndProject
Global
	GlobalSection(SolutionConfigurationPlatforms) = preSolution
		Debug|Any CPU = Debug|Any CPU
		Release|Any CPU = Release|Any CPU
	EndGlobalSection
	GlobalSection(ProjectConfigurationPlatforms) = postSolution
		{1BABFE46-73C7-4CC2-BE34-088B4E06C70D}.Debug|Any CPU.ActiveCfg = Debug|Any CPU
		{1BABFE46-73C7-4CC2-BE34-088B4E06C70D}.Debug|Any CPU.Build.0 = Debug|Any CPU
		{1BABFE46-73C7-4CC2-BE34-088B4E06C70D}.Release|Any CPU.ActiveCfg = Release|Any CPU
		{1BABFE46-73C7-4CC2-BE34-088B4E06C70D}.Release|Any CPU.Build.0 = Release|Any CPU
	EndGlobalSection
	GlobalSection(SolutionProperties) = preSolution
		HideSolutionNode = FALSE
	EndGlobalSection
	GlobalSection(ExtensibilityGlobals) = postSolution
		SolutionGuid = {2D49EAD8-2370-4282-9BA9-D58A8A82103C}
	EndGlobalSection
EndGlobal
